// !$*UTF8*$!
{
	archiveVersion = 1;
	classes = {
	};
	objectVersion = 48;
	objects = {

/* Begin PBXBuildFile section */
		CA6E472182C7F4E029BA62BD /* Pods_SpotifySearchMazo.framework in Frameworks */ = {isa = PBXBuildFile; fileRef = B5850F5B4DD30E54E2D04089 /* Pods_SpotifySearchMazo.framework */; };
		F145B9591F9292790015A8B5 /* SearchArtistViewController.swift in Sources */ = {isa = PBXBuildFile; fileRef = F145B9581F9292790015A8B5 /* SearchArtistViewController.swift */; };
		F145B95C1F9295B90015A8B5 /* Artist.swift in Sources */ = {isa = PBXBuildFile; fileRef = F145B95B1F9295B90015A8B5 /* Artist.swift */; };
		F145B95E1F929C3A0015A8B5 /* SpotifyServices.swift in Sources */ = {isa = PBXBuildFile; fileRef = F145B95D1F929C3A0015A8B5 /* SpotifyServices.swift */; };
		F198F7481F969C8200A65438 /* ArtistDetailViewController.swift in Sources */ = {isa = PBXBuildFile; fileRef = F198F7471F969C8200A65438 /* ArtistDetailViewController.swift */; };
		F198F74A1F96B73300A65438 /* Album.swift in Sources */ = {isa = PBXBuildFile; fileRef = F198F7491F96B73300A65438 /* Album.swift */; };
		F198F74C1F97AD9600A65438 /* AlbumTableViewCell.swift in Sources */ = {isa = PBXBuildFile; fileRef = F198F74B1F97AD9600A65438 /* AlbumTableViewCell.swift */; };
		F1CDBF831F926AD100617778 /* AppDelegate.swift in Sources */ = {isa = PBXBuildFile; fileRef = F1CDBF821F926AD100617778 /* AppDelegate.swift */; };
		F1CDBF851F926AD100617778 /* ViewController.swift in Sources */ = {isa = PBXBuildFile; fileRef = F1CDBF841F926AD100617778 /* ViewController.swift */; };
		F1CDBF881F926AD100617778 /* Main.storyboard in Resources */ = {isa = PBXBuildFile; fileRef = F1CDBF861F926AD100617778 /* Main.storyboard */; };
		F1CDBF8A1F926AD100617778 /* Assets.xcassets in Resources */ = {isa = PBXBuildFile; fileRef = F1CDBF891F926AD100617778 /* Assets.xcassets */; };
		F1CDBF8D1F926AD100617778 /* LaunchScreen.storyboard in Resources */ = {isa = PBXBuildFile; fileRef = F1CDBF8B1F926AD100617778 /* LaunchScreen.storyboard */; };
		F1CDBF9A1F926BC700617778 /* BridgeViewController.m in Sources */ = {isa = PBXBuildFile; fileRef = F1CDBF991F926BC700617778 /* BridgeViewController.m */; };
		F1CDBF9B1F926DA000617778 /* SpotifyAudioPlayback.framework in Frameworks */ = {isa = PBXBuildFile; fileRef = F1CDBF941F926B9700617778 /* SpotifyAudioPlayback.framework */; };
		F1CDBF9C1F926DA000617778 /* SpotifyAuthentication.framework in Frameworks */ = {isa = PBXBuildFile; fileRef = F1CDBF951F926B9800617778 /* SpotifyAuthentication.framework */; };
		F1CDBF9D1F926DA000617778 /* SpotifyMetadata.framework in Frameworks */ = {isa = PBXBuildFile; fileRef = F1CDBF961F926B9800617778 /* SpotifyMetadata.framework */; };
		F1F702231F9AA6BA005011F0 /* AlbumDetailViewController.swift in Sources */ = {isa = PBXBuildFile; fileRef = F1F702221F9AA6BA005011F0 /* AlbumDetailViewController.swift */; };
/* End PBXBuildFile section */

/* Begin PBXFileReference section */
		40C893C9BDEAB3874A5D6A96 /* Pods-SpotifySearchMazo.release.xcconfig */ = {isa = PBXFileReference; includeInIndex = 1; lastKnownFileType = text.xcconfig; name = "Pods-SpotifySearchMazo.release.xcconfig"; path = "Pods/Target Support Files/Pods-SpotifySearchMazo/Pods-SpotifySearchMazo.release.xcconfig"; sourceTree = "<group>"; };
		77D29E6148B3EC7ED80DA816 /* Pods-SpotifySearchMazo.debug.xcconfig */ = {isa = PBXFileReference; includeInIndex = 1; lastKnownFileType = text.xcconfig; name = "Pods-SpotifySearchMazo.debug.xcconfig"; path = "Pods/Target Support Files/Pods-SpotifySearchMazo/Pods-SpotifySearchMazo.debug.xcconfig"; sourceTree = "<group>"; };
		B5850F5B4DD30E54E2D04089 /* Pods_SpotifySearchMazo.framework */ = {isa = PBXFileReference; explicitFileType = wrapper.framework; includeInIndex = 0; path = Pods_SpotifySearchMazo.framework; sourceTree = BUILT_PRODUCTS_DIR; };
		F145B9581F9292790015A8B5 /* SearchArtistViewController.swift */ = {isa = PBXFileReference; lastKnownFileType = sourcecode.swift; path = SearchArtistViewController.swift; sourceTree = "<group>"; };
		F145B95B1F9295B90015A8B5 /* Artist.swift */ = {isa = PBXFileReference; lastKnownFileType = sourcecode.swift; path = Artist.swift; sourceTree = "<group>"; };
		F145B95D1F929C3A0015A8B5 /* SpotifyServices.swift */ = {isa = PBXFileReference; lastKnownFileType = sourcecode.swift; path = SpotifyServices.swift; sourceTree = "<group>"; };
		F198F7471F969C8200A65438 /* ArtistDetailViewController.swift */ = {isa = PBXFileReference; lastKnownFileType = sourcecode.swift; path = ArtistDetailViewController.swift; sourceTree = "<group>"; };
		F198F7491F96B73300A65438 /* Album.swift */ = {isa = PBXFileReference; lastKnownFileType = sourcecode.swift; path = Album.swift; sourceTree = "<group>"; };
		F198F74B1F97AD9600A65438 /* AlbumTableViewCell.swift */ = {isa = PBXFileReference; lastKnownFileType = sourcecode.swift; path = AlbumTableViewCell.swift; sourceTree = "<group>"; };
		F1CDBF7F1F926AD100617778 /* SpotifySearchMazo.app */ = {isa = PBXFileReference; explicitFileType = wrapper.application; includeInIndex = 0; path = SpotifySearchMazo.app; sourceTree = BUILT_PRODUCTS_DIR; };
		F1CDBF821F926AD100617778 /* AppDelegate.swift */ = {isa = PBXFileReference; lastKnownFileType = sourcecode.swift; path = AppDelegate.swift; sourceTree = "<group>"; };
		F1CDBF841F926AD100617778 /* ViewController.swift */ = {isa = PBXFileReference; lastKnownFileType = sourcecode.swift; path = ViewController.swift; sourceTree = "<group>"; };
		F1CDBF871F926AD100617778 /* Base */ = {isa = PBXFileReference; lastKnownFileType = file.storyboard; name = Base; path = Base.lproj/Main.storyboard; sourceTree = "<group>"; };
		F1CDBF891F926AD100617778 /* Assets.xcassets */ = {isa = PBXFileReference; lastKnownFileType = folder.assetcatalog; path = Assets.xcassets; sourceTree = "<group>"; };
		F1CDBF8C1F926AD100617778 /* Base */ = {isa = PBXFileReference; lastKnownFileType = file.storyboard; name = Base; path = Base.lproj/LaunchScreen.storyboard; sourceTree = "<group>"; };
		F1CDBF8E1F926AD100617778 /* Info.plist */ = {isa = PBXFileReference; lastKnownFileType = text.plist.xml; path = Info.plist; sourceTree = "<group>"; };
		F1CDBF941F926B9700617778 /* SpotifyAudioPlayback.framework */ = {isa = PBXFileReference; lastKnownFileType = wrapper.framework; path = SpotifyAudioPlayback.framework; sourceTree = "<group>"; };
		F1CDBF951F926B9800617778 /* SpotifyAuthentication.framework */ = {isa = PBXFileReference; lastKnownFileType = wrapper.framework; path = SpotifyAuthentication.framework; sourceTree = "<group>"; };
		F1CDBF961F926B9800617778 /* SpotifyMetadata.framework */ = {isa = PBXFileReference; lastKnownFileType = wrapper.framework; path = SpotifyMetadata.framework; sourceTree = "<group>"; };
		F1CDBF971F926BC600617778 /* SpotifySearchMazo-Bridging-Header.h */ = {isa = PBXFileReference; lastKnownFileType = sourcecode.c.h; path = "SpotifySearchMazo-Bridging-Header.h"; sourceTree = "<group>"; };
		F1CDBF981F926BC700617778 /* BridgeViewController.h */ = {isa = PBXFileReference; lastKnownFileType = sourcecode.c.h; path = BridgeViewController.h; sourceTree = "<group>"; };
		F1CDBF991F926BC700617778 /* BridgeViewController.m */ = {isa = PBXFileReference; lastKnownFileType = sourcecode.c.objc; path = BridgeViewController.m; sourceTree = "<group>"; };
		F1F702221F9AA6BA005011F0 /* AlbumDetailViewController.swift */ = {isa = PBXFileReference; lastKnownFileType = sourcecode.swift; path = AlbumDetailViewController.swift; sourceTree = "<group>"; };
/* End PBXFileReference section */

/* Begin PBXFrameworksBuildPhase section */
		F1CDBF7C1F926AD100617778 /* Frameworks */ = {
			isa = PBXFrameworksBuildPhase;
			buildActionMask = 2147483647;
			files = (
				F1CDBF9B1F926DA000617778 /* SpotifyAudioPlayback.framework in Frameworks */,
				F1CDBF9C1F926DA000617778 /* SpotifyAuthentication.framework in Frameworks */,
				F1CDBF9D1F926DA000617778 /* SpotifyMetadata.framework in Frameworks */,
				CA6E472182C7F4E029BA62BD /* Pods_SpotifySearchMazo.framework in Frameworks */,
			);
			runOnlyForDeploymentPostprocessing = 0;
		};
/* End PBXFrameworksBuildPhase section */

/* Begin PBXGroup section */
		A5DD1F169A3E0A84B9888F9A /* Pods */ = {
			isa = PBXGroup;
			children = (
				77D29E6148B3EC7ED80DA816 /* Pods-SpotifySearchMazo.debug.xcconfig */,
				40C893C9BDEAB3874A5D6A96 /* Pods-SpotifySearchMazo.release.xcconfig */,
			);
			name = Pods;
			sourceTree = "<group>";
		};
		E591920BB915A762BE434EF0 /* Frameworks */ = {
			isa = PBXGroup;
			children = (
				B5850F5B4DD30E54E2D04089 /* Pods_SpotifySearchMazo.framework */,
			);
			name = Frameworks;
			sourceTree = "<group>";
		};
		F145B9571F9292530015A8B5 /* controller */ = {
			isa = PBXGroup;
			children = (
				F1CDBF841F926AD100617778 /* ViewController.swift */,
				F145B9581F9292790015A8B5 /* SearchArtistViewController.swift */,
				F198F7471F969C8200A65438 /* ArtistDetailViewController.swift */,
				F198F74B1F97AD9600A65438 /* AlbumTableViewCell.swift */,
				F1F702221F9AA6BA005011F0 /* AlbumDetailViewController.swift */,
			);
			path = controller;
			sourceTree = "<group>";
		};
		F145B95A1F9295600015A8B5 /* model */ = {
			isa = PBXGroup;
			children = (
				F145B95B1F9295B90015A8B5 /* Artist.swift */,
				F198F7491F96B73300A65438 /* Album.swift */,
			);
			path = model;
			sourceTree = "<group>";
		};
		F1CDBF761F926AD100617778 = {
			isa = PBXGroup;
			children = (
				F1CDBF971F926BC600617778 /* SpotifySearchMazo-Bridging-Header.h */,
				F1CDBF961F926B9800617778 /* SpotifyMetadata.framework */,
				F1CDBF951F926B9800617778 /* SpotifyAuthentication.framework */,
				F1CDBF941F926B9700617778 /* SpotifyAudioPlayback.framework */,
				F1CDBF811F926AD100617778 /* SpotifySearchMazo */,
				F1CDBF801F926AD100617778 /* Products */,
				A5DD1F169A3E0A84B9888F9A /* Pods */,
				E591920BB915A762BE434EF0 /* Frameworks */,
			);
			sourceTree = "<group>";
		};
		F1CDBF801F926AD100617778 /* Products */ = {
			isa = PBXGroup;
			children = (
				F1CDBF7F1F926AD100617778 /* SpotifySearchMazo.app */,
			);
			name = Products;
			sourceTree = "<group>";
		};
		F1CDBF811F926AD100617778 /* SpotifySearchMazo */ = {
			isa = PBXGroup;
			children = (
				F145B95A1F9295600015A8B5 /* model */,
				F145B9571F9292530015A8B5 /* controller */,
				F1CDBF981F926BC700617778 /* BridgeViewController.h */,
				F1CDBF991F926BC700617778 /* BridgeViewController.m */,
				F1CDBF821F926AD100617778 /* AppDelegate.swift */,
				F1CDBF861F926AD100617778 /* Main.storyboard */,
				F1CDBF891F926AD100617778 /* Assets.xcassets */,
				F1CDBF8B1F926AD100617778 /* LaunchScreen.storyboard */,
				F1CDBF8E1F926AD100617778 /* Info.plist */,
				F145B95D1F929C3A0015A8B5 /* SpotifyServices.swift */,
			);
			path = SpotifySearchMazo;
			sourceTree = "<group>";
		};
/* End PBXGroup section */

/* Begin PBXNativeTarget section */
		F1CDBF7E1F926AD100617778 /* SpotifySearchMazo */ = {
			isa = PBXNativeTarget;
			buildConfigurationList = F1CDBF911F926AD100617778 /* Build configuration list for PBXNativeTarget "SpotifySearchMazo" */;
			buildPhases = (
				B59115B12F8136025B535DCC /* [CP] Check Pods Manifest.lock */,
				F1CDBF7B1F926AD100617778 /* Sources */,
				F1CDBF7C1F926AD100617778 /* Frameworks */,
				F1CDBF7D1F926AD100617778 /* Resources */,
				22FCC87B64AE3EC61156CE45 /* [CP] Embed Pods Frameworks */,
				374D4D941306EB49BED196A1 /* [CP] Copy Pods Resources */,
			);
			buildRules = (
			);
			dependencies = (
			);
			name = SpotifySearchMazo;
			productName = SpotifySearchMazo;
			productReference = F1CDBF7F1F926AD100617778 /* SpotifySearchMazo.app */;
			productType = "com.apple.product-type.application";
		};
/* End PBXNativeTarget section */

/* Begin PBXProject section */
		F1CDBF771F926AD100617778 /* Project object */ = {
			isa = PBXProject;
			attributes = {
				LastSwiftUpdateCheck = 0900;
				LastUpgradeCheck = 0900;
				ORGANIZATIONNAME = DiegoMazo;
				TargetAttributes = {
					F1CDBF7E1F926AD100617778 = {
						CreatedOnToolsVersion = 9.0;
						LastSwiftMigration = 0900;
						ProvisioningStyle = Automatic;
					};
				};
			};
			buildConfigurationList = F1CDBF7A1F926AD100617778 /* Build configuration list for PBXProject "SpotifySearchMazo" */;
			compatibilityVersion = "Xcode 8.0";
			developmentRegion = en;
			hasScannedForEncodings = 0;
			knownRegions = (
				en,
				Base,
			);
			mainGroup = F1CDBF761F926AD100617778;
			productRefGroup = F1CDBF801F926AD100617778 /* Products */;
			projectDirPath = "";
			projectRoot = "";
			targets = (
				F1CDBF7E1F926AD100617778 /* SpotifySearchMazo */,
			);
		};
/* End PBXProject section */

/* Begin PBXResourcesBuildPhase section */
		F1CDBF7D1F926AD100617778 /* Resources */ = {
			isa = PBXResourcesBuildPhase;
			buildActionMask = 2147483647;
			files = (
				F1CDBF8D1F926AD100617778 /* LaunchScreen.storyboard in Resources */,
				F1CDBF8A1F926AD100617778 /* Assets.xcassets in Resources */,
				F1CDBF881F926AD100617778 /* Main.storyboard in Resources */,
			);
			runOnlyForDeploymentPostprocessing = 0;
		};
/* End PBXResourcesBuildPhase section */

/* Begin PBXShellScriptBuildPhase section */
		22FCC87B64AE3EC61156CE45 /* [CP] Embed Pods Frameworks */ = {
			isa = PBXShellScriptBuildPhase;
			buildActionMask = 2147483647;
			files = (
			);
			inputPaths = (
			);
			name = "[CP] Embed Pods Frameworks";
			outputPaths = (
			);
			runOnlyForDeploymentPostprocessing = 0;
			shellPath = /bin/sh;
			shellScript = "\"${SRCROOT}/Pods/Target Support Files/Pods-SpotifySearchMazo/Pods-SpotifySearchMazo-frameworks.sh\"\n";
			showEnvVarsInLog = 0;
		};
		374D4D941306EB49BED196A1 /* [CP] Copy Pods Resources */ = {
			isa = PBXShellScriptBuildPhase;
			buildActionMask = 2147483647;
			files = (
			);
			inputPaths = (
			);
			name = "[CP] Copy Pods Resources";
			outputPaths = (
			);
			runOnlyForDeploymentPostprocessing = 0;
			shellPath = /bin/sh;
			shellScript = "\"${SRCROOT}/Pods/Target Support Files/Pods-SpotifySearchMazo/Pods-SpotifySearchMazo-resources.sh\"\n";
			showEnvVarsInLog = 0;
		};
		B59115B12F8136025B535DCC /* [CP] Check Pods Manifest.lock */ = {
			isa = PBXShellScriptBuildPhase;
			buildActionMask = 2147483647;
			files = (
			);
			inputPaths = (
			);
			name = "[CP] Check Pods Manifest.lock";
			outputPaths = (
			);
			runOnlyForDeploymentPostprocessing = 0;
			shellPath = /bin/sh;
			shellScript = "diff \"${PODS_PODFILE_DIR_PATH}/Podfile.lock\" \"${PODS_ROOT}/Manifest.lock\" > /dev/null\nif [ $? != 0 ] ; then\n    # print error to STDERR\n    echo \"error: The sandbox is not in sync with the Podfile.lock. Run 'pod install' or update your CocoaPods installation.\" >&2\n    exit 1\nfi\n";
			showEnvVarsInLog = 0;
		};
/* End PBXShellScriptBuildPhase section */

/* Begin PBXSourcesBuildPhase section */
		F1CDBF7B1F926AD100617778 /* Sources */ = {
			isa = PBXSourcesBuildPhase;
			buildActionMask = 2147483647;
			files = (
				F145B95E1F929C3A0015A8B5 /* SpotifyServices.swift in Sources */,
				F1CDBF9A1F926BC700617778 /* BridgeViewController.m in Sources */,
				F1CDBF851F926AD100617778 /* ViewController.swift in Sources */,
				F145B9591F9292790015A8B5 /* SearchArtistViewController.swift in Sources */,
				F198F7481F969C8200A65438 /* ArtistDetailViewController.swift in Sources */,
				F198F74C1F97AD9600A65438 /* AlbumTableViewCell.swift in Sources */,
				F145B95C1F9295B90015A8B5 /* Artist.swift in Sources */,
				F1F702231F9AA6BA005011F0 /* AlbumDetailViewController.swift in Sources */,
				F1CDBF831F926AD100617778 /* AppDelegate.swift in Sources */,
				F198F74A1F96B73300A65438 /* Album.swift in Sources */,
			);
			runOnlyForDeploymentPostprocessing = 0;
		};
/* End PBXSourcesBuildPhase section */

/* Begin PBXVariantGroup section */
		F1CDBF861F926AD100617778 /* Main.storyboard */ = {
			isa = PBXVariantGroup;
			children = (
				F1CDBF871F926AD100617778 /* Base */,
			);
			name = Main.storyboard;
			sourceTree = "<group>";
		};
		F1CDBF8B1F926AD100617778 /* LaunchScreen.storyboard */ = {
			isa = PBXVariantGroup;
			children = (
				F1CDBF8C1F926AD100617778 /* Base */,
			);
			name = LaunchScreen.storyboard;
			sourceTree = "<group>";
		};
/* End PBXVariantGroup section */

/* Begin XCBuildConfiguration section */
		F1CDBF8F1F926AD100617778 /* Debug */ = {
			isa = XCBuildConfiguration;
			buildSettings = {
				ALWAYS_SEARCH_USER_PATHS = NO;
				CLANG_ANALYZER_NONNULL = YES;
				CLANG_ANALYZER_NUMBER_OBJECT_CONVERSION = YES_AGGRESSIVE;
				CLANG_CXX_LANGUAGE_STANDARD = "gnu++14";
				CLANG_CXX_LIBRARY = "libc++";
				CLANG_ENABLE_MODULES = YES;
				CLANG_ENABLE_OBJC_ARC = YES;
				CLANG_WARN_BLOCK_CAPTURE_AUTORELEASING = YES;
				CLANG_WARN_BOOL_CONVERSION = YES;
				CLANG_WARN_COMMA = YES;
				CLANG_WARN_CONSTANT_CONVERSION = YES;
				CLANG_WARN_DIRECT_OBJC_ISA_USAGE = YES_ERROR;
				CLANG_WARN_DOCUMENTATION_COMMENTS = YES;
				CLANG_WARN_EMPTY_BODY = YES;
				CLANG_WARN_ENUM_CONVERSION = YES;
				CLANG_WARN_INFINITE_RECURSION = YES;
				CLANG_WARN_INT_CONVERSION = YES;
				CLANG_WARN_NON_LITERAL_NULL_CONVERSION = YES;
				CLANG_WARN_OBJC_LITERAL_CONVERSION = YES;
				CLANG_WARN_OBJC_ROOT_CLASS = YES_ERROR;
				CLANG_WARN_RANGE_LOOP_ANALYSIS = YES;
				CLANG_WARN_STRICT_PROTOTYPES = YES;
				CLANG_WARN_SUSPICIOUS_MOVE = YES;
				CLANG_WARN_UNGUARDED_AVAILABILITY = YES_AGGRESSIVE;
				CLANG_WARN_UNREACHABLE_CODE = YES;
				CLANG_WARN__DUPLICATE_METHOD_MATCH = YES;
				CODE_SIGN_IDENTITY = "iPhone Developer";
				COPY_PHASE_STRIP = NO;
				DEBUG_INFORMATION_FORMAT = dwarf;
				ENABLE_STRICT_OBJC_MSGSEND = YES;
				ENABLE_TESTABILITY = YES;
				GCC_C_LANGUAGE_STANDARD = gnu11;
				GCC_DYNAMIC_NO_PIC = NO;
				GCC_NO_COMMON_BLOCKS = YES;
				GCC_OPTIMIZATION_LEVEL = 0;
				GCC_PREPROCESSOR_DEFINITIONS = (
					"DEBUG=1",
					"$(inherited)",
				);
				GCC_WARN_64_TO_32_BIT_CONVERSION = YES;
				GCC_WARN_ABOUT_RETURN_TYPE = YES_ERROR;
				GCC_WARN_UNDECLARED_SELECTOR = YES;
				GCC_WARN_UNINITIALIZED_AUTOS = YES_AGGRESSIVE;
				GCC_WARN_UNUSED_FUNCTION = YES;
				GCC_WARN_UNUSED_VARIABLE = YES;
				IPHONEOS_DEPLOYMENT_TARGET = 11.0;
				MTL_ENABLE_DEBUG_INFO = YES;
				ONLY_ACTIVE_ARCH = YES;
				SDKROOT = iphoneos;
				SWIFT_ACTIVE_COMPILATION_CONDITIONS = DEBUG;
				SWIFT_OPTIMIZATION_LEVEL = "-Onone";
			};
			name = Debug;
		};
		F1CDBF901F926AD100617778 /* Release */ = {
			isa = XCBuildConfiguration;
			buildSettings = {
				ALWAYS_SEARCH_USER_PATHS = NO;
				CLANG_ANALYZER_NONNULL = YES;
				CLANG_ANALYZER_NUMBER_OBJECT_CONVERSION = YES_AGGRESSIVE;
				CLANG_CXX_LANGUAGE_STANDARD = "gnu++14";
				CLANG_CXX_LIBRARY = "libc++";
				CLANG_ENABLE_MODULES = YES;
				CLANG_ENABLE_OBJC_ARC = YES;
				CLANG_WARN_BLOCK_CAPTURE_AUTORELEASING = YES;
				CLANG_WARN_BOOL_CONVERSION = YES;
				CLANG_WARN_COMMA = YES;
				CLANG_WARN_CONSTANT_CONVERSION = YES;
				CLANG_WARN_DIRECT_OBJC_ISA_USAGE = YES_ERROR;
				CLANG_WARN_DOCUMENTATION_COMMENTS = YES;
				CLANG_WARN_EMPTY_BODY = YES;
				CLANG_WARN_ENUM_CONVERSION = YES;
				CLANG_WARN_INFINITE_RECURSION = YES;
				CLANG_WARN_INT_CONVERSION = YES;
				CLANG_WARN_NON_LITERAL_NULL_CONVERSION = YES;
				CLANG_WARN_OBJC_LITERAL_CONVERSION = YES;
				CLANG_WARN_OBJC_ROOT_CLASS = YES_ERROR;
				CLANG_WARN_RANGE_LOOP_ANALYSIS = YES;
				CLANG_WARN_STRICT_PROTOTYPES = YES;
				CLANG_WARN_SUSPICIOUS_MOVE = YES;
				CLANG_WARN_UNGUARDED_AVAILABILITY = YES_AGGRESSIVE;
				CLANG_WARN_UNREACHABLE_CODE = YES;
				CLANG_WARN__DUPLICATE_METHOD_MATCH = YES;
				CODE_SIGN_IDENTITY = "iPhone Developer";
				COPY_PHASE_STRIP = NO;
				DEBUG_INFORMATION_FORMAT = "dwarf-with-dsym";
				ENABLE_NS_ASSERTIONS = NO;
				ENABLE_STRICT_OBJC_MSGSEND = YES;
				GCC_C_LANGUAGE_STANDARD = gnu11;
				GCC_NO_COMMON_BLOCKS = YES;
				GCC_WARN_64_TO_32_BIT_CONVERSION = YES;
				GCC_WARN_ABOUT_RETURN_TYPE = YES_ERROR;
				GCC_WARN_UNDECLARED_SELECTOR = YES;
				GCC_WARN_UNINITIALIZED_AUTOS = YES_AGGRESSIVE;
				GCC_WARN_UNUSED_FUNCTION = YES;
				GCC_WARN_UNUSED_VARIABLE = YES;
				IPHONEOS_DEPLOYMENT_TARGET = 11.0;
				MTL_ENABLE_DEBUG_INFO = NO;
				SDKROOT = iphoneos;
				SWIFT_OPTIMIZATION_LEVEL = "-Owholemodule";
				VALIDATE_PRODUCT = YES;
			};
			name = Release;
		};
		F1CDBF921F926AD100617778 /* Debug */ = {
			isa = XCBuildConfiguration;
			baseConfigurationReference = 77D29E6148B3EC7ED80DA816 /* Pods-SpotifySearchMazo.debug.xcconfig */;
			buildSettings = {
				ASSETCATALOG_COMPILER_APPICON_NAME = AppIcon;
				CLANG_ENABLE_MODULES = YES;
				CODE_SIGN_STYLE = Automatic;
				DEVELOPMENT_TEAM = BT75X9GJWK;
				FRAMEWORK_SEARCH_PATHS = (
					"$(inherited)",
					"$(PROJECT_DIR)",
				);
				INFOPLIST_FILE = SpotifySearchMazo/Info.plist;
				LD_RUNPATH_SEARCH_PATHS = "$(inherited) @executable_path/Frameworks";
				PRODUCT_BUNDLE_IDENTIFIER = com.MazoDiego.SpotifySearchMazo;
				PRODUCT_NAME = "$(TARGET_NAME)";
				SWIFT_OBJC_BRIDGING_HEADER = "SpotifySearchMazo-Bridging-Header.h";
				SWIFT_OPTIMIZATION_LEVEL = "-Onone";
				SWIFT_VERSION = 4.0;
				TARGETED_DEVICE_FAMILY = "1,2";
			};
			name = Debug;
		};
		F1CDBF931F926AD100617778 /* Release */ = {
			isa = XCBuildConfiguration;
			baseConfigurationReference = 40C893C9BDEAB3874A5D6A96 /* Pods-SpotifySearchMazo.release.xcconfig */;
			buildSettings = {
				ASSETCATALOG_COMPILER_APPICON_NAME = AppIcon;
				CLANG_ENABLE_MODULES = YES;
				CODE_SIGN_STYLE = Automatic;
				DEVELOPMENT_TEAM = BT75X9GJWK;
				FRAMEWORK_SEARCH_PATHS = (
					"$(inherited)",
					"$(PROJECT_DIR)",
				);
				INFOPLIST_FILE = SpotifySearchMazo/Info.plist;
				LD_RUNPATH_SEARCH_PATHS = "$(inherited) @executable_path/Frameworks";
				PRODUCT_BUNDLE_IDENTIFIER = com.MazoDiego.SpotifySearchMazo;
				PRODUCT_NAME = "$(TARGET_NAME)";
				SWIFT_OBJC_BRIDGING_HEADER = "SpotifySearchMazo-Bridging-Header.h";
				SWIFT_VERSION = 4.0;
				TARGETED_DEVICE_FAMILY = "1,2";
			};
			name = Release;
		};
/* End XCBuildConfiguration section */

/* Begin XCConfigurationList section */
		F1CDBF7A1F926AD100617778 /* Build configuration list for PBXProject "SpotifySearchMazo" */ = {
			isa = XCConfigurationList;
			buildConfigurations = (
				F1CDBF8F1F926AD100617778 /* Debug */,
				F1CDBF901F926AD100617778 /* Release */,
			);
			defaultConfigurationIsVisible = 0;
			defaultConfigurationName = Release;
		};
		F1CDBF911F926AD100617778 /* Build configuration list for PBXNativeTarget "SpotifySearchMazo" */ = {
			isa = XCConfigurationList;
			buildConfigurations = (
				F1CDBF921F926AD100617778 /* Debug */,
				F1CDBF931F926AD100617778 /* Release */,
			);
			defaultConfigurationIsVisible = 0;
			defaultConfigurationName = Release;
		};
/* End XCConfigurationList section */
	};
	rootObject = F1CDBF771F926AD100617778 /* Project object */;
}
